
Microsoft Visual Studio Solution File, Format Version 12.00
# Visual Studio Version 16
VisualStudioVersion = 16.0.31229.75
MinimumVisualStudioVersion = 10.0.40219.1
Project("{8BC9CEB8-8B4A-11D0-8D11-00A0C91BC942}") = "WinGL", "WinGL.vcxproj", "{FC8101D7-2B44-495B-AE62-E6915EFC359F}"
	ProjectSection(ProjectDependencies) = postProject
		{F17C547F-65D7-49AB-A6E2-7CC0BC59A403} = {F17C547F-65D7-49AB-A6E2-7CC0BC59A403}
	EndProjectSection
EndProject
Project("{8BC9CEB8-8B4A-11D0-8D11-00A0C91BC942}") = "Math", "..\..\..\Math\Math.vcxproj", "{F17C547F-65D7-49AB-A6E2-7CC0BC59A403}"
EndProject
Global
	GlobalSection(SolutionConfigurationPlatforms) = preSolution
		Debug|ARM = Debug|ARM
		Debug|ARM64 = Debug|ARM64
		Debug|x64 = Debug|x64
		Debug|x86 = Debug|x86
		Release|ARM = Release|ARM
		Release|ARM64 = Release|ARM64
		Release|x64 = Release|x64
		Release|x86 = Release|x86
	EndGlobalSection
	GlobalSection(ProjectConfigurationPlatforms) = postSolution
		{FC8101D7-2B44-495B-AE62-E6915EFC359F}.Debug|ARM.ActiveCfg = Debug|Win32
		{FC8101D7-2B44-495B-AE62-E6915EFC359F}.Debug|ARM64.ActiveCfg = Debug|Win32
		{FC8101D7-2B44-495B-AE62-E6915EFC359F}.Debug|x64.ActiveCfg = Debug|x64
		{FC8101D7-2B44-495B-AE62-E6915EFC359F}.Debug|x64.Build.0 = Debug|x64
		{FC8101D7-2B44-495B-AE62-E6915EFC359F}.Debug|x86.ActiveCfg = Debug|Win32
		{FC8101D7-2B44-495B-AE62-E6915EFC359F}.Debug|x86.Build.0 = Debug|Win32
		{FC8101D7-2B44-495B-AE62-E6915EFC359F}.Release|ARM.ActiveCfg = Release|Win32
		{FC8101D7-2B44-495B-AE62-E6915EFC359F}.Release|ARM64.ActiveCfg = Release|Win32
		{FC8101D7-2B44-495B-AE62-E6915EFC359F}.Release|x64.ActiveCfg = Release|x64
		{FC8101D7-2B44-495B-AE62-E6915EFC359F}.Release|x64.Build.0 = Release|x64
		{FC8101D7-2B44-495B-AE62-E6915EFC359F}.Release|x86.ActiveCfg = Release|Win32
		{FC8101D7-2B44-495B-AE62-E6915EFC359F}.Release|x86.Build.0 = Release|Win32
		{F17C547F-65D7-49AB-A6E2-7CC0BC59A403}.Debug|ARM.ActiveCfg = Debug|Win32
		{F17C547F-65D7-49AB-A6E2-7CC0BC59A403}.Debug|ARM64.ActiveCfg = Debug|Win32
		{F17C547F-65D7-49AB-A6E2-7CC0BC59A403}.Debug|x64.ActiveCfg = Debug|x64
		{F17C547F-65D7-49AB-A6E2-7CC0BC59A403}.Debug|x64.Build.0 = Debug|x64
		{F17C547F-65D7-49AB-A6E2-7CC0BC59A403}.Debug|x86.ActiveCfg = Debug|Win32
		{F17C547F-65D7-49AB-A6E2-7CC0BC59A403}.Debug|x86.Build.0 = Debug|Win32
		{F17C547F-65D7-49AB-A6E2-7CC0BC59A403}.Release|ARM.ActiveCfg = Release|Win32
		{F17C547F-65D7-49AB-A6E2-7CC0BC59A403}.Release|ARM64.ActiveCfg = Release|Win32
		{F17C547F-65D7-49AB-A6E2-7CC0BC59A403}.Release|x64.ActiveCfg = Release|x64
		{F17C547F-65D7-49AB-A6E2-7CC0BC59A403}.Release|x64.Build.0 = Release|x64
		{F17C547F-65D7-49AB-A6E2-7CC0BC59A403}.Release|x86.ActiveCfg = Release|Win32
		{F17C547F-65D7-49AB-A6E2-7CC0BC59A403}.Release|x86.Build.0 = Release|Win32
	EndGlobalSection
	GlobalSection(SolutionProperties) = preSolution
		HideSolutionNode = FALSE
	EndGlobalSection
	GlobalSection(ExtensibilityGlobals) = postSolution
		SolutionGuid = {BEA9B4F8-97C1-4B06-B59B-F581AAC88515}
	EndGlobalSection
EndGlobal
